// !$*UTF8*$!
{
	archiveVersion = 1;
	classes = {
	};
	objectVersion = 50;
	objects = {

/* Begin PBXBuildFile section */
		DA08E9BA232265A4007C82FC /* LanguageCell.swift in Sources */ = {isa = PBXBuildFile; fileRef = DA08E9B9232265A4007C82FC /* LanguageCell.swift */; };
		DA08E9BC232281B5007C82FC /* ExchangeCell.swift in Sources */ = {isa = PBXBuildFile; fileRef = DA08E9BB232281B5007C82FC /* ExchangeCell.swift */; };
		DA51353D23153B1A003AFBBC /* AppDelegate.swift in Sources */ = {isa = PBXBuildFile; fileRef = DA51353C23153B1A003AFBBC /* AppDelegate.swift */; };
		DA51353F23153B1A003AFBBC /* ViewController.swift in Sources */ = {isa = PBXBuildFile; fileRef = DA51353E23153B1A003AFBBC /* ViewController.swift */; };
		DA51354223153B1A003AFBBC /* Main.storyboard in Resources */ = {isa = PBXBuildFile; fileRef = DA51354023153B1A003AFBBC /* Main.storyboard */; };
		DA51354423153B1A003AFBBC /* Assets.xcassets in Resources */ = {isa = PBXBuildFile; fileRef = DA51354323153B1A003AFBBC /* Assets.xcassets */; };
		DA51354723153B1A003AFBBC /* LaunchScreen.storyboard in Resources */ = {isa = PBXBuildFile; fileRef = DA51354523153B1A003AFBBC /* LaunchScreen.storyboard */; };
		DA51355223153B1A003AFBBC /* BundleTests.swift in Sources */ = {isa = PBXBuildFile; fileRef = DA51355123153B1A003AFBBC /* BundleTests.swift */; };
		DA513562231566B7003AFBBC /* Translate.swift in Sources */ = {isa = PBXBuildFile; fileRef = DA51355F231566B7003AFBBC /* Translate.swift */; };
		DA513563231566B7003AFBBC /* Exchange.swift in Sources */ = {isa = PBXBuildFile; fileRef = DA513560231566B7003AFBBC /* Exchange.swift */; };
		DA513564231566B7003AFBBC /* Weather.swift in Sources */ = {isa = PBXBuildFile; fileRef = DA513561231566B7003AFBBC /* Weather.swift */; };
		DA7D723A2318348F00C3099A /* TranslatorViewController.swift in Sources */ = {isa = PBXBuildFile; fileRef = DA7D72392318348F00C3099A /* TranslatorViewController.swift */; };
		DA7D723C231834A400C3099A /* ExchangeViewController.swift in Sources */ = {isa = PBXBuildFile; fileRef = DA7D723B231834A400C3099A /* ExchangeViewController.swift */; };
		DA7D723E231834B500C3099A /* WeatherViewController.swift in Sources */ = {isa = PBXBuildFile; fileRef = DA7D723D231834B500C3099A /* WeatherViewController.swift */; };
/* End PBXBuildFile section */

/* Begin PBXContainerItemProxy section */
		DA51354E23153B1A003AFBBC /* PBXContainerItemProxy */ = {
			isa = PBXContainerItemProxy;
			containerPortal = DA51353123153B1A003AFBBC /* Project object */;
			proxyType = 1;
			remoteGlobalIDString = DA51353823153B1A003AFBBC;
			remoteInfo = Bundle;
		};
/* End PBXContainerItemProxy section */

/* Begin PBXFileReference section */
		DA08E9B9232265A4007C82FC /* LanguageCell.swift */ = {isa = PBXFileReference; lastKnownFileType = sourcecode.swift; path = LanguageCell.swift; sourceTree = "<group>"; };
		DA08E9BB232281B5007C82FC /* ExchangeCell.swift */ = {isa = PBXFileReference; lastKnownFileType = sourcecode.swift; path = ExchangeCell.swift; sourceTree = "<group>"; };
		DA51353923153B1A003AFBBC /* Bundle.app */ = {isa = PBXFileReference; explicitFileType = wrapper.application; includeInIndex = 0; path = Bundle.app; sourceTree = BUILT_PRODUCTS_DIR; };
		DA51353C23153B1A003AFBBC /* AppDelegate.swift */ = {isa = PBXFileReference; lastKnownFileType = sourcecode.swift; path = AppDelegate.swift; sourceTree = "<group>"; };
		DA51353E23153B1A003AFBBC /* ViewController.swift */ = {isa = PBXFileReference; lastKnownFileType = sourcecode.swift; path = ViewController.swift; sourceTree = "<group>"; };
		DA51354123153B1A003AFBBC /* Base */ = {isa = PBXFileReference; lastKnownFileType = file.storyboard; name = Base; path = Base.lproj/Main.storyboard; sourceTree = "<group>"; };
		DA51354323153B1A003AFBBC /* Assets.xcassets */ = {isa = PBXFileReference; lastKnownFileType = folder.assetcatalog; path = Assets.xcassets; sourceTree = "<group>"; };
		DA51354623153B1A003AFBBC /* Base */ = {isa = PBXFileReference; lastKnownFileType = file.storyboard; name = Base; path = Base.lproj/LaunchScreen.storyboard; sourceTree = "<group>"; };
		DA51354823153B1A003AFBBC /* Info.plist */ = {isa = PBXFileReference; lastKnownFileType = text.plist.xml; path = Info.plist; sourceTree = "<group>"; };
		DA51354D23153B1A003AFBBC /* BundleTests.xctest */ = {isa = PBXFileReference; explicitFileType = wrapper.cfbundle; includeInIndex = 0; path = BundleTests.xctest; sourceTree = BUILT_PRODUCTS_DIR; };
		DA51355123153B1A003AFBBC /* BundleTests.swift */ = {isa = PBXFileReference; lastKnownFileType = sourcecode.swift; path = BundleTests.swift; sourceTree = "<group>"; };
		DA51355323153B1B003AFBBC /* Info.plist */ = {isa = PBXFileReference; lastKnownFileType = text.plist.xml; name = Info.plist; path = BundleTests/Info.plist; sourceTree = SOURCE_ROOT; };
		DA51355F231566B7003AFBBC /* Translate.swift */ = {isa = PBXFileReference; fileEncoding = 4; lastKnownFileType = sourcecode.swift; path = Translate.swift; sourceTree = "<group>"; };
		DA513560231566B7003AFBBC /* Exchange.swift */ = {isa = PBXFileReference; fileEncoding = 4; lastKnownFileType = sourcecode.swift; path = Exchange.swift; sourceTree = "<group>"; };
		DA513561231566B7003AFBBC /* Weather.swift */ = {isa = PBXFileReference; fileEncoding = 4; lastKnownFileType = sourcecode.swift; path = Weather.swift; sourceTree = "<group>"; };
		DA7D72392318348F00C3099A /* TranslatorViewController.swift */ = {isa = PBXFileReference; lastKnownFileType = sourcecode.swift; path = TranslatorViewController.swift; sourceTree = "<group>"; };
		DA7D723B231834A400C3099A /* ExchangeViewController.swift */ = {isa = PBXFileReference; lastKnownFileType = sourcecode.swift; path = ExchangeViewController.swift; sourceTree = "<group>"; };
		DA7D723D231834B500C3099A /* WeatherViewController.swift */ = {isa = PBXFileReference; lastKnownFileType = sourcecode.swift; path = WeatherViewController.swift; sourceTree = "<group>"; };
/* End PBXFileReference section */

/* Begin PBXFrameworksBuildPhase section */
		DA51353623153B1A003AFBBC /* Frameworks */ = {
			isa = PBXFrameworksBuildPhase;
			buildActionMask = 2147483647;
			files = (
			);
			runOnlyForDeploymentPostprocessing = 0;
		};
		DA51354A23153B1A003AFBBC /* Frameworks */ = {
			isa = PBXFrameworksBuildPhase;
			buildActionMask = 2147483647;
			files = (
			);
			runOnlyForDeploymentPostprocessing = 0;
		};
/* End PBXFrameworksBuildPhase section */

/* Begin PBXGroup section */
		DA51353023153B1A003AFBBC = {
			isa = PBXGroup;
			children = (
				DA51353B23153B1A003AFBBC /* Bundle */,
				DA51355023153B1A003AFBBC /* BundleTests */,
				DA51353A23153B1A003AFBBC /* Products */,
			);
			sourceTree = "<group>";
		};
		DA51353A23153B1A003AFBBC /* Products */ = {
			isa = PBXGroup;
			children = (
				DA51353923153B1A003AFBBC /* Bundle.app */,
				DA51354D23153B1A003AFBBC /* BundleTests.xctest */,
			);
			name = Products;
			sourceTree = "<group>";
		};
		DA51353B23153B1A003AFBBC /* Bundle */ = {
			isa = PBXGroup;
			children = (
				DA51354323153B1A003AFBBC /* Assets.xcassets */,
				DA51355323153B1B003AFBBC /* Info.plist */,
				DA51353C23153B1A003AFBBC /* AppDelegate.swift */,
				DA51355E2315665B003AFBBC /* Model */,
				DA51355D2315664F003AFBBC /* View */,
				DA51355C23156627003AFBBC /* Controller */,
				DA51354823153B1A003AFBBC /* Info.plist */,
			);
			path = Bundle;
			sourceTree = "<group>";
		};
		DA51355023153B1A003AFBBC /* BundleTests */ = {
			isa = PBXGroup;
			children = (
				DA51355123153B1A003AFBBC /* BundleTests.swift */,
			);
			path = BundleTests;
			sourceTree = "<group>";
		};
		DA51355C23156627003AFBBC /* Controller */ = {
			isa = PBXGroup;
			children = (
				DA51353E23153B1A003AFBBC /* ViewController.swift */,
				DA7D72392318348F00C3099A /* TranslatorViewController.swift */,
				DA7D723B231834A400C3099A /* ExchangeViewController.swift */,
				DA7D723D231834B500C3099A /* WeatherViewController.swift */,
				DA08E9B9232265A4007C82FC /* LanguageCell.swift */,
				DA08E9BB232281B5007C82FC /* ExchangeCell.swift */,
			);
			path = Controller;
			sourceTree = "<group>";
		};
		DA51355D2315664F003AFBBC /* View */ = {
			isa = PBXGroup;
			children = (
				DA51354023153B1A003AFBBC /* Main.storyboard */,
				DA51354523153B1A003AFBBC /* LaunchScreen.storyboard */,
			);
			path = View;
			sourceTree = "<group>";
		};
		DA51355E2315665B003AFBBC /* Model */ = {
			isa = PBXGroup;
			children = (
				DA513560231566B7003AFBBC /* Exchange.swift */,
				DA51355F231566B7003AFBBC /* Translate.swift */,
				DA513561231566B7003AFBBC /* Weather.swift */,
			);
			path = Model;
			sourceTree = "<group>";
		};
/* End PBXGroup section */

/* Begin PBXNativeTarget section */
		DA51353823153B1A003AFBBC /* Bundle */ = {
			isa = PBXNativeTarget;
			buildConfigurationList = DA51355623153B1B003AFBBC /* Build configuration list for PBXNativeTarget "Bundle" */;
			buildPhases = (
				DA51353523153B1A003AFBBC /* Sources */,
				DA51353623153B1A003AFBBC /* Frameworks */,
				DA51353723153B1A003AFBBC /* Resources */,
			);
			buildRules = (
			);
			dependencies = (
			);
			name = Bundle;
			productName = Bundle;
			productReference = DA51353923153B1A003AFBBC /* Bundle.app */;
			productType = "com.apple.product-type.application";
		};
		DA51354C23153B1A003AFBBC /* BundleTests */ = {
			isa = PBXNativeTarget;
			buildConfigurationList = DA51355923153B1B003AFBBC /* Build configuration list for PBXNativeTarget "BundleTests" */;
			buildPhases = (
				DA51354923153B1A003AFBBC /* Sources */,
				DA51354A23153B1A003AFBBC /* Frameworks */,
				DA51354B23153B1A003AFBBC /* Resources */,
			);
			buildRules = (
			);
			dependencies = (
				DA51354F23153B1A003AFBBC /* PBXTargetDependency */,
			);
			name = BundleTests;
			productName = BundleTests;
			productReference = DA51354D23153B1A003AFBBC /* BundleTests.xctest */;
			productType = "com.apple.product-type.bundle.unit-test";
		};
/* End PBXNativeTarget section */

/* Begin PBXProject section */
		DA51353123153B1A003AFBBC /* Project object */ = {
			isa = PBXProject;
			attributes = {
				LastSwiftUpdateCheck = 1030;
				LastUpgradeCheck = 1030;
				ORGANIZATIONNAME = "Patrick Wiley";
				TargetAttributes = {
					DA51353823153B1A003AFBBC = {
						CreatedOnToolsVersion = 10.3;
					};
					DA51354C23153B1A003AFBBC = {
						CreatedOnToolsVersion = 10.3;
						TestTargetID = DA51353823153B1A003AFBBC;
					};
				};
			};
			buildConfigurationList = DA51353423153B1A003AFBBC /* Build configuration list for PBXProject "Bundle" */;
			compatibilityVersion = "Xcode 9.3";
			developmentRegion = en;
			hasScannedForEncodings = 0;
			knownRegions = (
				en,
				Base,
			);
			mainGroup = DA51353023153B1A003AFBBC;
			productRefGroup = DA51353A23153B1A003AFBBC /* Products */;
			projectDirPath = "";
			projectRoot = "";
			targets = (
				DA51353823153B1A003AFBBC /* Bundle */,
				DA51354C23153B1A003AFBBC /* BundleTests */,
			);
		};
/* End PBXProject section */

/* Begin PBXResourcesBuildPhase section */
		DA51353723153B1A003AFBBC /* Resources */ = {
			isa = PBXResourcesBuildPhase;
			buildActionMask = 2147483647;
			files = (
				DA51354723153B1A003AFBBC /* LaunchScreen.storyboard in Resources */,
				DA51354423153B1A003AFBBC /* Assets.xcassets in Resources */,
				DA51354223153B1A003AFBBC /* Main.storyboard in Resources */,
			);
			runOnlyForDeploymentPostprocessing = 0;
		};
		DA51354B23153B1A003AFBBC /* Resources */ = {
			isa = PBXResourcesBuildPhase;
			buildActionMask = 2147483647;
			files = (
			);
			runOnlyForDeploymentPostprocessing = 0;
		};
/* End PBXResourcesBuildPhase section */

/* Begin PBXSourcesBuildPhase section */
		DA51353523153B1A003AFBBC /* Sources */ = {
			isa = PBXSourcesBuildPhase;
			buildActionMask = 2147483647;
			files = (
				DA08E9BC232281B5007C82FC /* ExchangeCell.swift in Sources */,
				DA513562231566B7003AFBBC /* Translate.swift in Sources */,
				DA51353F23153B1A003AFBBC /* ViewController.swift in Sources */,
				DA7D723C231834A400C3099A /* ExchangeViewController.swift in Sources */,
				DA7D723A2318348F00C3099A /* TranslatorViewController.swift in Sources */,
				DA513563231566B7003AFBBC /* Exchange.swift in Sources */,
				DA7D723E231834B500C3099A /* WeatherViewController.swift in Sources */,
				DA08E9BA232265A4007C82FC /* LanguageCell.swift in Sources */,
				DA51353D23153B1A003AFBBC /* AppDelegate.swift in Sources */,
				DA513564231566B7003AFBBC /* Weather.swift in Sources */,
			);
			runOnlyForDeploymentPostprocessing = 0;
		};
		DA51354923153B1A003AFBBC /* Sources */ = {
			isa = PBXSourcesBuildPhase;
			buildActionMask = 2147483647;
			files = (
				DA51355223153B1A003AFBBC /* BundleTests.swift in Sources */,
			);
			runOnlyForDeploymentPostprocessing = 0;
		};
/* End PBXSourcesBuildPhase section */

/* Begin PBXTargetDependency section */
		DA51354F23153B1A003AFBBC /* PBXTargetDependency */ = {
			isa = PBXTargetDependency;
			target = DA51353823153B1A003AFBBC /* Bundle */;
			targetProxy = DA51354E23153B1A003AFBBC /* PBXContainerItemProxy */;
		};
/* End PBXTargetDependency section */

/* Begin PBXVariantGroup section */
		DA51354023153B1A003AFBBC /* Main.storyboard */ = {
			isa = PBXVariantGroup;
			children = (
				DA51354123153B1A003AFBBC /* Base */,
			);
			name = Main.storyboard;
			sourceTree = "<group>";
		};
		DA51354523153B1A003AFBBC /* LaunchScreen.storyboard */ = {
			isa = PBXVariantGroup;
			children = (
				DA51354623153B1A003AFBBC /* Base */,
			);
			name = LaunchScreen.storyboard;
			sourceTree = "<group>";
		};
/* End PBXVariantGroup section */

/* Begin XCBuildConfiguration section */
		DA51355423153B1B003AFBBC /* Debug */ = {
			isa = XCBuildConfiguration;
			buildSettings = {
				ALWAYS_SEARCH_USER_PATHS = NO;
				CLANG_ANALYZER_NONNULL = YES;
				CLANG_ANALYZER_NUMBER_OBJECT_CONVERSION = YES_AGGRESSIVE;
				CLANG_CXX_LANGUAGE_STANDARD = "gnu++14";
				CLANG_CXX_LIBRARY = "libc++";
				CLANG_ENABLE_MODULES = YES;
				CLANG_ENABLE_OBJC_ARC = YES;
				CLANG_ENABLE_OBJC_WEAK = YES;
				CLANG_WARN_BLOCK_CAPTURE_AUTORELEASING = YES;
				CLANG_WARN_BOOL_CONVERSION = YES;
				CLANG_WARN_COMMA = YES;
				CLANG_WARN_CONSTANT_CONVERSION = YES;
				CLANG_WARN_DEPRECATED_OBJC_IMPLEMENTATIONS = YES;
				CLANG_WARN_DIRECT_OBJC_ISA_USAGE = YES_ERROR;
				CLANG_WARN_DOCUMENTATION_COMMENTS = YES;
				CLANG_WARN_EMPTY_BODY = YES;
				CLANG_WARN_ENUM_CONVERSION = YES;
				CLANG_WARN_INFINITE_RECURSION = YES;
				CLANG_WARN_INT_CONVERSION = YES;
				CLANG_WARN_NON_LITERAL_NULL_CONVERSION = YES;
				CLANG_WARN_OBJC_IMPLICIT_RETAIN_SELF = YES;
				CLANG_WARN_OBJC_LITERAL_CONVERSION = YES;
				CLANG_WARN_OBJC_ROOT_CLASS = YES_ERROR;
				CLANG_WARN_RANGE_LOOP_ANALYSIS = YES;
				CLANG_WARN_STRICT_PROTOTYPES = YES;
				CLANG_WARN_SUSPICIOUS_MOVE = YES;
				CLANG_WARN_UNGUARDED_AVAILABILITY = YES_AGGRESSIVE;
				CLANG_WARN_UNREACHABLE_CODE = YES;
				CLANG_WARN__DUPLICATE_METHOD_MATCH = YES;
				CODE_SIGN_IDENTITY = "iPhone Developer";
				COPY_PHASE_STRIP = NO;
				DEBUG_INFORMATION_FORMAT = dwarf;
				ENABLE_STRICT_OBJC_MSGSEND = YES;
				ENABLE_TESTABILITY = YES;
				GCC_C_LANGUAGE_STANDARD = gnu11;
				GCC_DYNAMIC_NO_PIC = NO;
				GCC_NO_COMMON_BLOCKS = YES;
				GCC_OPTIMIZATION_LEVEL = 0;
				GCC_PREPROCESSOR_DEFINITIONS = (
					"DEBUG=1",
					"$(inherited)",
				);
				GCC_WARN_64_TO_32_BIT_CONVERSION = YES;
				GCC_WARN_ABOUT_RETURN_TYPE = YES_ERROR;
				GCC_WARN_UNDECLARED_SELECTOR = YES;
				GCC_WARN_UNINITIALIZED_AUTOS = YES_AGGRESSIVE;
				GCC_WARN_UNUSED_FUNCTION = YES;
				GCC_WARN_UNUSED_VARIABLE = YES;
				IPHONEOS_DEPLOYMENT_TARGET = 12.4;
				MTL_ENABLE_DEBUG_INFO = INCLUDE_SOURCE;
				MTL_FAST_MATH = YES;
				ONLY_ACTIVE_ARCH = YES;
				SDKROOT = iphoneos;
				SWIFT_ACTIVE_COMPILATION_CONDITIONS = DEBUG;
				SWIFT_OPTIMIZATION_LEVEL = "-Onone";
			};
			name = Debug;
		};
		DA51355523153B1B003AFBBC /* Release */ = {
			isa = XCBuildConfiguration;
			buildSettings = {
				ALWAYS_SEARCH_USER_PATHS = NO;
				CLANG_ANALYZER_NONNULL = YES;
				CLANG_ANALYZER_NUMBER_OBJECT_CONVERSION = YES_AGGRESSIVE;
				CLANG_CXX_LANGUAGE_STANDARD = "gnu++14";
				CLANG_CXX_LIBRARY = "libc++";
				CLANG_ENABLE_MODULES = YES;
				CLANG_ENABLE_OBJC_ARC = YES;
				CLANG_ENABLE_OBJC_WEAK = YES;
				CLANG_WARN_BLOCK_CAPTURE_AUTORELEASING = YES;
				CLANG_WARN_BOOL_CONVERSION = YES;
				CLANG_WARN_COMMA = YES;
				CLANG_WARN_CONSTANT_CONVERSION = YES;
				CLANG_WARN_DEPRECATED_OBJC_IMPLEMENTATIONS = YES;
				CLANG_WARN_DIRECT_OBJC_ISA_USAGE = YES_ERROR;
				CLANG_WARN_DOCUMENTATION_COMMENTS = YES;
				CLANG_WARN_EMPTY_BODY = YES;
				CLANG_WARN_ENUM_CONVERSION = YES;
				CLANG_WARN_INFINITE_RECURSION = YES;
				CLANG_WARN_INT_CONVERSION = YES;
				CLANG_WARN_NON_LITERAL_NULL_CONVERSION = YES;
				CLANG_WARN_OBJC_IMPLICIT_RETAIN_SELF = YES;
				CLANG_WARN_OBJC_LITERAL_CONVERSION = YES;
				CLANG_WARN_OBJC_ROOT_CLASS = YES_ERROR;
				CLANG_WARN_RANGE_LOOP_ANALYSIS = YES;
				CLANG_WARN_STRICT_PROTOTYPES = YES;
				CLANG_WARN_SUSPICIOUS_MOVE = YES;
				CLANG_WARN_UNGUARDED_AVAILABILITY = YES_AGGRESSIVE;
				CLANG_WARN_UNREACHABLE_CODE = YES;
				CLANG_WARN__DUPLICATE_METHOD_MATCH = YES;
				CODE_SIGN_IDENTITY = "iPhone Developer";
				COPY_PHASE_STRIP = NO;
				DEBUG_INFORMATION_FORMAT = "dwarf-with-dsym";
				ENABLE_NS_ASSERTIONS = NO;
				ENABLE_STRICT_OBJC_MSGSEND = YES;
				GCC_C_LANGUAGE_STANDARD = gnu11;
				GCC_NO_COMMON_BLOCKS = YES;
				GCC_WARN_64_TO_32_BIT_CONVERSION = YES;
				GCC_WARN_ABOUT_RETURN_TYPE = YES_ERROR;
				GCC_WARN_UNDECLARED_SELECTOR = YES;
				GCC_WARN_UNINITIALIZED_AUTOS = YES_AGGRESSIVE;
				GCC_WARN_UNUSED_FUNCTION = YES;
				GCC_WARN_UNUSED_VARIABLE = YES;
				IPHONEOS_DEPLOYMENT_TARGET = 12.4;
				MTL_ENABLE_DEBUG_INFO = NO;
				MTL_FAST_MATH = YES;
				SDKROOT = iphoneos;
				SWIFT_COMPILATION_MODE = wholemodule;
				SWIFT_OPTIMIZATION_LEVEL = "-O";
				VALIDATE_PRODUCT = YES;
			};
			name = Release;
		};
		DA51355723153B1B003AFBBC /* Debug */ = {
			isa = XCBuildConfiguration;
			buildSettings = {
				ASSETCATALOG_COMPILER_APPICON_NAME = AppIcon;
				CODE_SIGN_STYLE = Automatic;
				DEVELOPMENT_TEAM = 52T6VV3859;
				INFOPLIST_FILE = Bundle/Info.plist;
				LD_RUNPATH_SEARCH_PATHS = (
					"$(inherited)",
					"@executable_path/Frameworks",
				);
				PRODUCT_BUNDLE_IDENTIFIER = de.deutschekapital.Bundle;
				PRODUCT_NAME = "$(TARGET_NAME)";
				SWIFT_VERSION = 5.0;
				TARGETED_DEVICE_FAMILY = "1,2";
			};
			name = Debug;
		};
		DA51355823153B1B003AFBBC /* Release */ = {
			isa = XCBuildConfiguration;
			buildSettings = {
				ASSETCATALOG_COMPILER_APPICON_NAME = AppIcon;
				CODE_SIGN_STYLE = Automatic;
				DEVELOPMENT_TEAM = 52T6VV3859;
				INFOPLIST_FILE = Bundle/Info.plist;
				LD_RUNPATH_SEARCH_PATHS = (
					"$(inherited)",
					"@executable_path/Frameworks",
				);
				PRODUCT_BUNDLE_IDENTIFIER = de.deutschekapital.Bundle;
				PRODUCT_NAME = "$(TARGET_NAME)";
				SWIFT_VERSION = 5.0;
				TARGETED_DEVICE_FAMILY = "1,2";
			};
			name = Release;
		};
		DA51355A23153B1B003AFBBC /* Debug */ = {
			isa = XCBuildConfiguration;
			buildSettings = {
				ALWAYS_EMBED_SWIFT_STANDARD_LIBRARIES = YES;
				BUNDLE_LOADER = "$(TEST_HOST)";
				CODE_SIGN_STYLE = Automatic;
				DEVELOPMENT_TEAM = 52T6VV3859;
				INFOPLIST_FILE = BundleTests/Info.plist;
				LD_RUNPATH_SEARCH_PATHS = (
					"$(inherited)",
					"@executable_path/Frameworks",
					"@loader_path/Frameworks",
				);
				PRODUCT_BUNDLE_IDENTIFIER = de.deutschekapital.BundleTests;
				PRODUCT_NAME = "$(TARGET_NAME)";
				SWIFT_VERSION = 5.0;
				TARGETED_DEVICE_FAMILY = "1,2";
				TEST_HOST = "$(BUILT_PRODUCTS_DIR)/Bundle.app/Bundle";
			};
			name = Debug;
		};
		DA51355B23153B1B003AFBBC /* Release */ = {
			isa = XCBuildConfiguration;
			buildSettings = {
				ALWAYS_EMBED_SWIFT_STANDARD_LIBRARIES = YES;
				BUNDLE_LOADER = "$(TEST_HOST)";
				CODE_SIGN_STYLE = Automatic;
				DEVELOPMENT_TEAM = 52T6VV3859;
				INFOPLIST_FILE = BundleTests/Info.plist;
				LD_RUNPATH_SEARCH_PATHS = (
					"$(inherited)",
					"@executable_path/Frameworks",
					"@loader_path/Frameworks",
				);
				PRODUCT_BUNDLE_IDENTIFIER = de.deutschekapital.BundleTests;
				PRODUCT_NAME = "$(TARGET_NAME)";
				SWIFT_VERSION = 5.0;
				TARGETED_DEVICE_FAMILY = "1,2";
				TEST_HOST = "$(BUILT_PRODUCTS_DIR)/Bundle.app/Bundle";
			};
			name = Release;
		};
/* End XCBuildConfiguration section */

/* Begin XCConfigurationList section */
		DA51353423153B1A003AFBBC /* Build configuration list for PBXProject "Bundle" */ = {
			isa = XCConfigurationList;
			buildConfigurations = (
				DA51355423153B1B003AFBBC /* Debug */,
				DA51355523153B1B003AFBBC /* Release */,
			);
			defaultConfigurationIsVisible = 0;
			defaultConfigurationName = Release;
		};
		DA51355623153B1B003AFBBC /* Build configuration list for PBXNativeTarget "Bundle" */ = {
			isa = XCConfigurationList;
			buildConfigurations = (
				DA51355723153B1B003AFBBC /* Debug */,
				DA51355823153B1B003AFBBC /* Release */,
			);
			defaultConfigurationIsVisible = 0;
			defaultConfigurationName = Release;
		};
		DA51355923153B1B003AFBBC /* Build configuration list for PBXNativeTarget "BundleTests" */ = {
			isa = XCConfigurationList;
			buildConfigurations = (
				DA51355A23153B1B003AFBBC /* Debug */,
				DA51355B23153B1B003AFBBC /* Release */,
			);
			defaultConfigurationIsVisible = 0;
			defaultConfigurationName = Release;
		};
/* End XCConfigurationList section */
	};
	rootObject = DA51353123153B1A003AFBBC /* Project object */;
}
